
Microsoft Visual Studio Solution File, Format Version 12.00
# Visual Studio Version 16
VisualStudioVersion = 16.0.30114.105
MinimumVisualStudioVersion = 10.0.40219.1
Project("{FAE04EC0-301F-11D3-BF4B-00C04F79EFBC}") = "IURIS.DESKTOP.GUI.ADMIN", "IURIS.DESKTOP.GUI.ADMIN\IURIS.DESKTOP.GUI.ADMIN.csproj", "{2C7B28DF-CE7D-465C-806D-06E9F0356BC4}"
EndProject
Project("{9A19103F-16F7-4668-BE54-9A1E7A4F7556}") = "IURIS.COMMON", "IURIS.COMMON\IURIS.COMMON.csproj", "{F13A22DC-B7F4-4107-97BF-5C22C9D025CE}"
EndProject
Project("{2150E333-8FDC-42A3-9474-1A3956D46DE8}") = "CapasBase", "CapasBase", "{5F1E9D4F-B878-4321-9B80-7A8660742E51}"
EndProject
Project("{2150E333-8FDC-42A3-9474-1A3956D46DE8}") = "AppEscritorio", "AppEscritorio", "{BF293D34-87C4-4374-8020-3DCDA3CA7B03}"
EndProject
Project("{9A19103F-16F7-4668-BE54-9A1E7A4F7556}") = "IURIS.DAL", "IURIS.DAL\IURIS.DAL.csproj", "{A27B0A81-189C-44FC-BBA0-BAAC44757C56}"
EndProject
Project("{9A19103F-16F7-4668-BE54-9A1E7A4F7556}") = "IURIS.BIZ", "IURIS.BIZ\IURIS.BIZ.csproj", "{C02E949E-4F57-4724-A7D9-197787D13F2F}"
EndProject
Project("{2150E333-8FDC-42A3-9474-1A3956D46DE8}") = "AppMobil", "AppMobil", "{C37EA92B-A388-46C4-AD89-9D2ADDE86B35}"
EndProject
Project("{FAE04EC0-301F-11D3-BF4B-00C04F79EFBC}") = "IURIS.MOVIL.Android", "IURIS.MOVIL\IURIS.MOVIL.Android\IURIS.MOVIL.Android.csproj", "{DD35C226-B53C-4525-B439-7CC770352ADB}"
EndProject
Project("{FAE04EC0-301F-11D3-BF4B-00C04F79EFBC}") = "IURIS.MOVIL.iOS", "IURIS.MOVIL\IURIS.MOVIL.iOS\IURIS.MOVIL.iOS.csproj", "{7032CF10-94DA-41A9-9101-C286BF6C29FE}"
EndProject
Project("{9A19103F-16F7-4668-BE54-9A1E7A4F7556}") = "IURIS.MOVIL", "IURIS.MOVIL\IURIS.MOVIL\IURIS.MOVIL.csproj", "{E21FE55B-20AD-46ED-A22D-3F0DA44B2661}"
EndProject
Global
	GlobalSection(SolutionConfigurationPlatforms) = preSolution
		Ad-Hoc|Any CPU = Ad-Hoc|Any CPU
		Ad-Hoc|iPhone = Ad-Hoc|iPhone
		Ad-Hoc|iPhoneSimulator = Ad-Hoc|iPhoneSimulator
		AppStore|Any CPU = AppStore|Any CPU
		AppStore|iPhone = AppStore|iPhone
		AppStore|iPhoneSimulator = AppStore|iPhoneSimulator
		Debug|Any CPU = Debug|Any CPU
		Debug|iPhone = Debug|iPhone
		Debug|iPhoneSimulator = Debug|iPhoneSimulator
		Release|Any CPU = Release|Any CPU
		Release|iPhone = Release|iPhone
		Release|iPhoneSimulator = Release|iPhoneSimulator
	EndGlobalSection
	GlobalSection(ProjectConfigurationPlatforms) = postSolution
		{2C7B28DF-CE7D-465C-806D-06E9F0356BC4}.Ad-Hoc|Any CPU.ActiveCfg = Release|Any CPU
		{2C7B28DF-CE7D-465C-806D-06E9F0356BC4}.Ad-Hoc|Any CPU.Build.0 = Release|Any CPU
		{2C7B28DF-CE7D-465C-806D-06E9F0356BC4}.Ad-Hoc|iPhone.ActiveCfg = Release|Any CPU
		{2C7B28DF-CE7D-465C-806D-06E9F0356BC4}.Ad-Hoc|iPhone.Build.0 = Release|Any CPU
		{2C7B28DF-CE7D-465C-806D-06E9F0356BC4}.Ad-Hoc|iPhoneSimulator.ActiveCfg = Release|Any CPU
		{2C7B28DF-CE7D-465C-806D-06E9F0356BC4}.Ad-Hoc|iPhoneSimulator.Build.0 = Release|Any CPU
		{2C7B28DF-CE7D-465C-806D-06E9F0356BC4}.AppStore|Any CPU.ActiveCfg = Release|Any CPU
		{2C7B28DF-CE7D-465C-806D-06E9F0356BC4}.AppStore|Any CPU.Build.0 = Release|Any CPU
		{2C7B28DF-CE7D-465C-806D-06E9F0356BC4}.AppStore|iPhone.ActiveCfg = Release|Any CPU
		{2C7B28DF-CE7D-465C-806D-06E9F0356BC4}.AppStore|iPhone.Build.0 = Release|Any CPU
		{2C7B28DF-CE7D-465C-806D-06E9F0356BC4}.AppStore|iPhoneSimulator.ActiveCfg = Release|Any CPU
		{2C7B28DF-CE7D-465C-806D-06E9F0356BC4}.AppStore|iPhoneSimulator.Build.0 = Release|Any CPU
		{2C7B28DF-CE7D-465C-806D-06E9F0356BC4}.Debug|Any CPU.ActiveCfg = Debug|Any CPU
		{2C7B28DF-CE7D-465C-806D-06E9F0356BC4}.Debug|Any CPU.Build.0 = Debug|Any CPU
		{2C7B28DF-CE7D-465C-806D-06E9F0356BC4}.Debug|iPhone.ActiveCfg = Debug|Any CPU
		{2C7B28DF-CE7D-465C-806D-06E9F0356BC4}.Debug|iPhone.Build.0 = Debug|Any CPU
		{2C7B28DF-CE7D-465C-806D-06E9F0356BC4}.Debug|iPhoneSimulator.ActiveCfg = Debug|Any CPU
		{2C7B28DF-CE7D-465C-806D-06E9F0356BC4}.Debug|iPhoneSimulator.Build.0 = Debug|Any CPU
		{2C7B28DF-CE7D-465C-806D-06E9F0356BC4}.Release|Any CPU.ActiveCfg = Release|Any CPU
		{2C7B28DF-CE7D-465C-806D-06E9F0356BC4}.Release|Any CPU.Build.0 = Release|Any CPU
		{2C7B28DF-CE7D-465C-806D-06E9F0356BC4}.Release|iPhone.ActiveCfg = Release|Any CPU
		{2C7B28DF-CE7D-465C-806D-06E9F0356BC4}.Release|iPhone.Build.0 = Release|Any CPU
		{2C7B28DF-CE7D-465C-806D-06E9F0356BC4}.Release|iPhoneSimulator.ActiveCfg = Release|Any CPU
		{2C7B28DF-CE7D-465C-806D-06E9F0356BC4}.Release|iPhoneSimulator.Build.0 = Release|Any CPU
		{F13A22DC-B7F4-4107-97BF-5C22C9D025CE}.Ad-Hoc|Any CPU.ActiveCfg = Debug|Any CPU
		{F13A22DC-B7F4-4107-97BF-5C22C9D025CE}.Ad-Hoc|Any CPU.Build.0 = Debug|Any CPU
		{F13A22DC-B7F4-4107-97BF-5C22C9D025CE}.Ad-Hoc|iPhone.ActiveCfg = Debug|Any CPU
		{F13A22DC-B7F4-4107-97BF-5C22C9D025CE}.Ad-Hoc|iPhone.Build.0 = Debug|Any CPU
		{F13A22DC-B7F4-4107-97BF-5C22C9D025CE}.Ad-Hoc|iPhoneSimulator.ActiveCfg = Debug|Any CPU
		{F13A22DC-B7F4-4107-97BF-5C22C9D025CE}.Ad-Hoc|iPhoneSimulator.Build.0 = Debug|Any CPU
		{F13A22DC-B7F4-4107-97BF-5C22C9D025CE}.AppStore|Any CPU.ActiveCfg = Debug|Any CPU
		{F13A22DC-B7F4-4107-97BF-5C22C9D025CE}.AppStore|Any CPU.Build.0 = Debug|Any CPU
		{F13A22DC-B7F4-4107-97BF-5C22C9D025CE}.AppStore|iPhone.ActiveCfg = Debug|Any CPU
		{F13A22DC-B7F4-4107-97BF-5C22C9D025CE}.AppStore|iPhone.Build.0 = Debug|Any CPU
		{F13A22DC-B7F4-4107-97BF-5C22C9D025CE}.AppStore|iPhoneSimulator.ActiveCfg = Debug|Any CPU
		{F13A22DC-B7F4-4107-97BF-5C22C9D025CE}.AppStore|iPhoneSimulator.Build.0 = Debug|Any CPU
		{F13A22DC-B7F4-4107-97BF-5C22C9D025CE}.Debug|Any CPU.ActiveCfg = Debug|Any CPU
		{F13A22DC-B7F4-4107-97BF-5C22C9D025CE}.Debug|Any CPU.Build.0 = Debug|Any CPU
		{F13A22DC-B7F4-4107-97BF-5C22C9D025CE}.Debug|iPhone.ActiveCfg = Debug|Any CPU
		{F13A22DC-B7F4-4107-97BF-5C22C9D025CE}.Debug|iPhone.Build.0 = Debug|Any CPU
		{F13A22DC-B7F4-4107-97BF-5C22C9D025CE}.Debug|iPhoneSimulator.ActiveCfg = Debug|Any CPU
		{F13A22DC-B7F4-4107-97BF-5C22C9D025CE}.Debug|iPhoneSimulator.Build.0 = Debug|Any CPU
		{F13A22DC-B7F4-4107-97BF-5C22C9D025CE}.Release|Any CPU.ActiveCfg = Release|Any CPU
		{F13A22DC-B7F4-4107-97BF-5C22C9D025CE}.Release|Any CPU.Build.0 = Release|Any CPU
		{F13A22DC-B7F4-4107-97BF-5C22C9D025CE}.Release|iPhone.ActiveCfg = Release|Any CPU
		{F13A22DC-B7F4-4107-97BF-5C22C9D025CE}.Release|iPhone.Build.0 = Release|Any CPU
		{F13A22DC-B7F4-4107-97BF-5C22C9D025CE}.Release|iPhoneSimulator.ActiveCfg = Release|Any CPU
		{F13A22DC-B7F4-4107-97BF-5C22C9D025CE}.Release|iPhoneSimulator.Build.0 = Release|Any CPU
		{A27B0A81-189C-44FC-BBA0-BAAC44757C56}.Ad-Hoc|Any CPU.ActiveCfg = Debug|Any CPU
		{A27B0A81-189C-44FC-BBA0-BAAC44757C56}.Ad-Hoc|Any CPU.Build.0 = Debug|Any CPU
		{A27B0A81-189C-44FC-BBA0-BAAC44757C56}.Ad-Hoc|iPhone.ActiveCfg = Debug|Any CPU
		{A27B0A81-189C-44FC-BBA0-BAAC44757C56}.Ad-Hoc|iPhone.Build.0 = Debug|Any CPU
		{A27B0A81-189C-44FC-BBA0-BAAC44757C56}.Ad-Hoc|iPhoneSimulator.ActiveCfg = Debug|Any CPU
		{A27B0A81-189C-44FC-BBA0-BAAC44757C56}.Ad-Hoc|iPhoneSimulator.Build.0 = Debug|Any CPU
		{A27B0A81-189C-44FC-BBA0-BAAC44757C56}.AppStore|Any CPU.ActiveCfg = Debug|Any CPU
		{A27B0A81-189C-44FC-BBA0-BAAC44757C56}.AppStore|Any CPU.Build.0 = Debug|Any CPU
		{A27B0A81-189C-44FC-BBA0-BAAC44757C56}.AppStore|iPhone.ActiveCfg = Debug|Any CPU
		{A27B0A81-189C-44FC-BBA0-BAAC44757C56}.AppStore|iPhone.Build.0 = Debug|Any CPU
		{A27B0A81-189C-44FC-BBA0-BAAC44757C56}.AppStore|iPhoneSimulator.ActiveCfg = Debug|Any CPU
		{A27B0A81-189C-44FC-BBA0-BAAC44757C56}.AppStore|iPhoneSimulator.Build.0 = Debug|Any CPU
		{A27B0A81-189C-44FC-BBA0-BAAC44757C56}.Debug|Any CPU.ActiveCfg = Debug|Any CPU
		{A27B0A81-189C-44FC-BBA0-BAAC44757C56}.Debug|Any CPU.Build.0 = Debug|Any CPU
		{A27B0A81-189C-44FC-BBA0-BAAC44757C56}.Debug|iPhone.ActiveCfg = Debug|Any CPU
		{A27B0A81-189C-44FC-BBA0-BAAC44757C56}.Debug|iPhone.Build.0 = Debug|Any CPU
		{A27B0A81-189C-44FC-BBA0-BAAC44757C56}.Debug|iPhoneSimulator.ActiveCfg = Debug|Any CPU
		{A27B0A81-189C-44FC-BBA0-BAAC44757C56}.Debug|iPhoneSimulator.Build.0 = Debug|Any CPU
		{A27B0A81-189C-44FC-BBA0-BAAC44757C56}.Release|Any CPU.ActiveCfg = Release|Any CPU
		{A27B0A81-189C-44FC-BBA0-BAAC44757C56}.Release|Any CPU.Build.0 = Release|Any CPU
		{A27B0A81-189C-44FC-BBA0-BAAC44757C56}.Release|iPhone.ActiveCfg = Release|Any CPU
		{A27B0A81-189C-44FC-BBA0-BAAC44757C56}.Release|iPhone.Build.0 = Release|Any CPU
		{A27B0A81-189C-44FC-BBA0-BAAC44757C56}.Release|iPhoneSimulator.ActiveCfg = Release|Any CPU
		{A27B0A81-189C-44FC-BBA0-BAAC44757C56}.Release|iPhoneSimulator.Build.0 = Release|Any CPU
		{C02E949E-4F57-4724-A7D9-197787D13F2F}.Ad-Hoc|Any CPU.ActiveCfg = Debug|Any CPU
		{C02E949E-4F57-4724-A7D9-197787D13F2F}.Ad-Hoc|Any CPU.Build.0 = Debug|Any CPU
		{C02E949E-4F57-4724-A7D9-197787D13F2F}.Ad-Hoc|iPhone.ActiveCfg = Debug|Any CPU
		{C02E949E-4F57-4724-A7D9-197787D13F2F}.Ad-Hoc|iPhone.Build.0 = Debug|Any CPU
		{C02E949E-4F57-4724-A7D9-197787D13F2F}.Ad-Hoc|iPhoneSimulator.ActiveCfg = Debug|Any CPU
		{C02E949E-4F57-4724-A7D9-197787D13F2F}.Ad-Hoc|iPhoneSimulator.Build.0 = Debug|Any CPU
		{C02E949E-4F57-4724-A7D9-197787D13F2F}.AppStore|Any CPU.ActiveCfg = Debug|Any CPU
		{C02E949E-4F57-4724-A7D9-197787D13F2F}.AppStore|Any CPU.Build.0 = Debug|Any CPU
		{C02E949E-4F57-4724-A7D9-197787D13F2F}.AppStore|iPhone.ActiveCfg = Debug|Any CPU
		{C02E949E-4F57-4724-A7D9-197787D13F2F}.AppStore|iPhone.Build.0 = Debug|Any CPU
		{C02E949E-4F57-4724-A7D9-197787D13F2F}.AppStore|iPhoneSimulator.ActiveCfg = Debug|Any CPU
		{C02E949E-4F57-4724-A7D9-197787D13F2F}.AppStore|iPhoneSimulator.Build.0 = Debug|Any CPU
		{C02E949E-4F57-4724-A7D9-197787D13F2F}.Debug|Any CPU.ActiveCfg = Debug|Any CPU
		{C02E949E-4F57-4724-A7D9-197787D13F2F}.Debug|Any CPU.Build.0 = Debug|Any CPU
		{C02E949E-4F57-4724-A7D9-197787D13F2F}.Debug|iPhone.ActiveCfg = Debug|Any CPU
		{C02E949E-4F57-4724-A7D9-197787D13F2F}.Debug|iPhone.Build.0 = Debug|Any CPU
		{C02E949E-4F57-4724-A7D9-197787D13F2F}.Debug|iPhoneSimulator.ActiveCfg = Debug|Any CPU
		{C02E949E-4F57-4724-A7D9-197787D13F2F}.Debug|iPhoneSimulator.Build.0 = Debug|Any CPU
		{C02E949E-4F57-4724-A7D9-197787D13F2F}.Release|Any CPU.ActiveCfg = Release|Any CPU
		{C02E949E-4F57-4724-A7D9-197787D13F2F}.Release|Any CPU.Build.0 = Release|Any CPU
		{C02E949E-4F57-4724-A7D9-197787D13F2F}.Release|iPhone.ActiveCfg = Release|Any CPU
		{C02E949E-4F57-4724-A7D9-197787D13F2F}.Release|iPhone.Build.0 = Release|Any CPU
		{C02E949E-4F57-4724-A7D9-197787D13F2F}.Release|iPhoneSimulator.ActiveCfg = Release|Any CPU
		{C02E949E-4F57-4724-A7D9-197787D13F2F}.Release|iPhoneSimulator.Build.0 = Release|Any CPU
		{DD35C226-B53C-4525-B439-7CC770352ADB}.Ad-Hoc|Any CPU.ActiveCfg = Release|Any CPU
		{DD35C226-B53C-4525-B439-7CC770352ADB}.Ad-Hoc|Any CPU.Build.0 = Release|Any CPU
		{DD35C226-B53C-4525-B439-7CC770352ADB}.Ad-Hoc|Any CPU.Deploy.0 = Release|Any CPU
		{DD35C226-B53C-4525-B439-7CC770352ADB}.Ad-Hoc|iPhone.ActiveCfg = Release|Any CPU
		{DD35C226-B53C-4525-B439-7CC770352ADB}.Ad-Hoc|iPhone.Build.0 = Release|Any CPU
		{DD35C226-B53C-4525-B439-7CC770352ADB}.Ad-Hoc|iPhone.Deploy.0 = Release|Any CPU
		{DD35C226-B53C-4525-B439-7CC770352ADB}.Ad-Hoc|iPhoneSimulator.ActiveCfg = Release|Any CPU
		{DD35C226-B53C-4525-B439-7CC770352ADB}.Ad-Hoc|iPhoneSimulator.Build.0 = Release|Any CPU
		{DD35C226-B53C-4525-B439-7CC770352ADB}.Ad-Hoc|iPhoneSimulator.Deploy.0 = Release|Any CPU
		{DD35C226-B53C-4525-B439-7CC770352ADB}.AppStore|Any CPU.ActiveCfg = Release|Any CPU
		{DD35C226-B53C-4525-B439-7CC770352ADB}.AppStore|Any CPU.Build.0 = Release|Any CPU
		{DD35C226-B53C-4525-B439-7CC770352ADB}.AppStore|Any CPU.Deploy.0 = Release|Any CPU
		{DD35C226-B53C-4525-B439-7CC770352ADB}.AppStore|iPhone.ActiveCfg = Release|Any CPU
		{DD35C226-B53C-4525-B439-7CC770352ADB}.AppStore|iPhone.Build.0 = Release|Any CPU
		{DD35C226-B53C-4525-B439-7CC770352ADB}.AppStore|iPhone.Deploy.0 = Release|Any CPU
		{DD35C226-B53C-4525-B439-7CC770352ADB}.AppStore|iPhoneSimulator.ActiveCfg = Release|Any CPU
		{DD35C226-B53C-4525-B439-7CC770352ADB}.AppStore|iPhoneSimulator.Build.0 = Release|Any CPU
		{DD35C226-B53C-4525-B439-7CC770352ADB}.AppStore|iPhoneSimulator.Deploy.0 = Release|Any CPU
		{DD35C226-B53C-4525-B439-7CC770352ADB}.Debug|Any CPU.ActiveCfg = Debug|Any CPU
		{DD35C226-B53C-4525-B439-7CC770352ADB}.Debug|Any CPU.Build.0 = Debug|Any CPU
		{DD35C226-B53C-4525-B439-7CC770352ADB}.Debug|Any CPU.Deploy.0 = Debug|Any CPU
		{DD35C226-B53C-4525-B439-7CC770352ADB}.Debug|iPhone.ActiveCfg = Debug|Any CPU
		{DD35C226-B53C-4525-B439-7CC770352ADB}.Debug|iPhone.Build.0 = Debug|Any CPU
		{DD35C226-B53C-4525-B439-7CC770352ADB}.Debug|iPhone.Deploy.0 = Debug|Any CPU
		{DD35C226-B53C-4525-B439-7CC770352ADB}.Debug|iPhoneSimulator.ActiveCfg = Debug|Any CPU
		{DD35C226-B53C-4525-B439-7CC770352ADB}.Debug|iPhoneSimulator.Build.0 = Debug|Any CPU
		{DD35C226-B53C-4525-B439-7CC770352ADB}.Debug|iPhoneSimulator.Deploy.0 = Debug|Any CPU
		{DD35C226-B53C-4525-B439-7CC770352ADB}.Release|Any CPU.ActiveCfg = Release|Any CPU
		{DD35C226-B53C-4525-B439-7CC770352ADB}.Release|Any CPU.Build.0 = Release|Any CPU
		{DD35C226-B53C-4525-B439-7CC770352ADB}.Release|Any CPU.Deploy.0 = Release|Any CPU
		{DD35C226-B53C-4525-B439-7CC770352ADB}.Release|iPhone.ActiveCfg = Release|Any CPU
		{DD35C226-B53C-4525-B439-7CC770352ADB}.Release|iPhone.Build.0 = Release|Any CPU
		{DD35C226-B53C-4525-B439-7CC770352ADB}.Release|iPhone.Deploy.0 = Release|Any CPU
		{DD35C226-B53C-4525-B439-7CC770352ADB}.Release|iPhoneSimulator.ActiveCfg = Release|Any CPU
		{DD35C226-B53C-4525-B439-7CC770352ADB}.Release|iPhoneSimulator.Build.0 = Release|Any CPU
		{DD35C226-B53C-4525-B439-7CC770352ADB}.Release|iPhoneSimulator.Deploy.0 = Release|Any CPU
		{7032CF10-94DA-41A9-9101-C286BF6C29FE}.Ad-Hoc|Any CPU.ActiveCfg = Release|iPhone
		{7032CF10-94DA-41A9-9101-C286BF6C29FE}.Ad-Hoc|Any CPU.Build.0 = Release|iPhone
		{7032CF10-94DA-41A9-9101-C286BF6C29FE}.Ad-Hoc|iPhone.ActiveCfg = Release|iPhone
		{7032CF10-94DA-41A9-9101-C286BF6C29FE}.Ad-Hoc|iPhone.Build.0 = Release|iPhone
		{7032CF10-94DA-41A9-9101-C286BF6C29FE}.Ad-Hoc|iPhoneSimulator.ActiveCfg = Release|iPhoneSimulator
		{7032CF10-94DA-41A9-9101-C286BF6C29FE}.Ad-Hoc|iPhoneSimulator.Build.0 = Release|iPhoneSimulator
		{7032CF10-94DA-41A9-9101-C286BF6C29FE}.AppStore|Any CPU.ActiveCfg = Release|iPhone
		{7032CF10-94DA-41A9-9101-C286BF6C29FE}.AppStore|Any CPU.Build.0 = Release|iPhone
		{7032CF10-94DA-41A9-9101-C286BF6C29FE}.AppStore|iPhone.ActiveCfg = Release|iPhone
		{7032CF10-94DA-41A9-9101-C286BF6C29FE}.AppStore|iPhone.Build.0 = Release|iPhone
		{7032CF10-94DA-41A9-9101-C286BF6C29FE}.AppStore|iPhoneSimulator.ActiveCfg = Release|iPhoneSimulator
		{7032CF10-94DA-41A9-9101-C286BF6C29FE}.AppStore|iPhoneSimulator.Build.0 = Release|iPhoneSimulator
		{7032CF10-94DA-41A9-9101-C286BF6C29FE}.Debug|Any CPU.ActiveCfg = Debug|iPhone
		{7032CF10-94DA-41A9-9101-C286BF6C29FE}.Debug|iPhone.ActiveCfg = Debug|iPhone
		{7032CF10-94DA-41A9-9101-C286BF6C29FE}.Debug|iPhone.Build.0 = Debug|iPhone
		{7032CF10-94DA-41A9-9101-C286BF6C29FE}.Debug|iPhone.Deploy.0 = Debug|iPhone
		{7032CF10-94DA-41A9-9101-C286BF6C29FE}.Debug|iPhoneSimulator.ActiveCfg = Debug|iPhoneSimulator
		{7032CF10-94DA-41A9-9101-C286BF6C29FE}.Debug|iPhoneSimulator.Build.0 = Debug|iPhoneSimulator
		{7032CF10-94DA-41A9-9101-C286BF6C29FE}.Release|Any CPU.ActiveCfg = Release|iPhone
		{7032CF10-94DA-41A9-9101-C286BF6C29FE}.Release|iPhone.ActiveCfg = Release|iPhone
		{7032CF10-94DA-41A9-9101-C286BF6C29FE}.Release|iPhone.Build.0 = Release|iPhone
		{7032CF10-94DA-41A9-9101-C286BF6C29FE}.Release|iPhoneSimulator.ActiveCfg = Release|iPhoneSimulator
		{7032CF10-94DA-41A9-9101-C286BF6C29FE}.Release|iPhoneSimulator.Build.0 = Release|iPhoneSimulator
		{E21FE55B-20AD-46ED-A22D-3F0DA44B2661}.Ad-Hoc|Any CPU.ActiveCfg = Debug|Any CPU
		{E21FE55B-20AD-46ED-A22D-3F0DA44B2661}.Ad-Hoc|Any CPU.Build.0 = Debug|Any CPU
		{E21FE55B-20AD-46ED-A22D-3F0DA44B2661}.Ad-Hoc|iPhone.ActiveCfg = Debug|Any CPU
		{E21FE55B-20AD-46ED-A22D-3F0DA44B2661}.Ad-Hoc|iPhone.Build.0 = Debug|Any CPU
		{E21FE55B-20AD-46ED-A22D-3F0DA44B2661}.Ad-Hoc|iPhoneSimulator.ActiveCfg = Debug|Any CPU
		{E21FE55B-20AD-46ED-A22D-3F0DA44B2661}.Ad-Hoc|iPhoneSimulator.Build.0 = Debug|Any CPU
		{E21FE55B-20AD-46ED-A22D-3F0DA44B2661}.AppStore|Any CPU.ActiveCfg = Debug|Any CPU
		{E21FE55B-20AD-46ED-A22D-3F0DA44B2661}.AppStore|Any CPU.Build.0 = Debug|Any CPU
		{E21FE55B-20AD-46ED-A22D-3F0DA44B2661}.AppStore|iPhone.ActiveCfg = Debug|Any CPU
		{E21FE55B-20AD-46ED-A22D-3F0DA44B2661}.AppStore|iPhone.Build.0 = Debug|Any CPU
		{E21FE55B-20AD-46ED-A22D-3F0DA44B2661}.AppStore|iPhoneSimulator.ActiveCfg = Debug|Any CPU
		{E21FE55B-20AD-46ED-A22D-3F0DA44B2661}.AppStore|iPhoneSimulator.Build.0 = Debug|Any CPU
		{E21FE55B-20AD-46ED-A22D-3F0DA44B2661}.Debug|Any CPU.ActiveCfg = Debug|Any CPU
		{E21FE55B-20AD-46ED-A22D-3F0DA44B2661}.Debug|Any CPU.Build.0 = Debug|Any CPU
		{E21FE55B-20AD-46ED-A22D-3F0DA44B2661}.Debug|iPhone.ActiveCfg = Debug|Any CPU
		{E21FE55B-20AD-46ED-A22D-3F0DA44B2661}.Debug|iPhone.Build.0 = Debug|Any CPU
		{E21FE55B-20AD-46ED-A22D-3F0DA44B2661}.Debug|iPhoneSimulator.ActiveCfg = Debug|Any CPU
		{E21FE55B-20AD-46ED-A22D-3F0DA44B2661}.Debug|iPhoneSimulator.Build.0 = Debug|Any CPU
		{E21FE55B-20AD-46ED-A22D-3F0DA44B2661}.Release|Any CPU.ActiveCfg = Release|Any CPU
		{E21FE55B-20AD-46ED-A22D-3F0DA44B2661}.Release|Any CPU.Build.0 = Release|Any CPU
		{E21FE55B-20AD-46ED-A22D-3F0DA44B2661}.Release|iPhone.ActiveCfg = Release|Any CPU
		{E21FE55B-20AD-46ED-A22D-3F0DA44B2661}.Release|iPhone.Build.0 = Release|Any CPU
		{E21FE55B-20AD-46ED-A22D-3F0DA44B2661}.Release|iPhoneSimulator.ActiveCfg = Release|Any CPU
		{E21FE55B-20AD-46ED-A22D-3F0DA44B2661}.Release|iPhoneSimulator.Build.0 = Release|Any CPU
	EndGlobalSection
	GlobalSection(SolutionProperties) = preSolution
		HideSolutionNode = FALSE
	EndGlobalSection
	GlobalSection(NestedProjects) = preSolution
		{2C7B28DF-CE7D-465C-806D-06E9F0356BC4} = {BF293D34-87C4-4374-8020-3DCDA3CA7B03}
		{F13A22DC-B7F4-4107-97BF-5C22C9D025CE} = {5F1E9D4F-B878-4321-9B80-7A8660742E51}
		{A27B0A81-189C-44FC-BBA0-BAAC44757C56} = {5F1E9D4F-B878-4321-9B80-7A8660742E51}
		{C02E949E-4F57-4724-A7D9-197787D13F2F} = {5F1E9D4F-B878-4321-9B80-7A8660742E51}
		{DD35C226-B53C-4525-B439-7CC770352ADB} = {C37EA92B-A388-46C4-AD89-9D2ADDE86B35}
		{7032CF10-94DA-41A9-9101-C286BF6C29FE} = {C37EA92B-A388-46C4-AD89-9D2ADDE86B35}
		{E21FE55B-20AD-46ED-A22D-3F0DA44B2661} = {C37EA92B-A388-46C4-AD89-9D2ADDE86B35}
	EndGlobalSection
	GlobalSection(ExtensibilityGlobals) = postSolution
		SolutionGuid = {9AF3472D-8C3D-4CCA-981B-519C5F679AF5}
	EndGlobalSection
EndGlobal
