
Microsoft Visual Studio Solution File, Format Version 12.00
# Visual Studio 15
VisualStudioVersion = 15.0.28307.1000
MinimumVisualStudioVersion = 10.0.40219.1
Project("{FAE04EC0-301F-11D3-BF4B-00C04F79EFBC}") = "IURIS.APP.GUI.Android", "IURIS.APP.GUI\IURIS.APP.GUI.Android\IURIS.APP.GUI.Android.csproj", "{0086AE17-DE90-4E0D-9AAF-3A044AD79499}"
EndProject
Project("{FAE04EC0-301F-11D3-BF4B-00C04F79EFBC}") = "IURIS.APP.GUI.iOS", "IURIS.APP.GUI\IURIS.APP.GUI.iOS\IURIS.APP.GUI.iOS.csproj", "{C5A2A8AD-9125-4F48-977C-7C1B716F3DF9}"
EndProject
Project("{9A19103F-16F7-4668-BE54-9A1E7A4F7556}") = "IURIS.APP.GUI", "IURIS.APP.GUI\IURIS.APP.GUI\IURIS.APP.GUI.csproj", "{167E9B92-CE90-4707-9F3C-D2D17E33E210}"
EndProject
Project("{FAE04EC0-301F-11D3-BF4B-00C04F79EFBC}") = "IURIS.DESKTOP.GUI.ADMIN", "IURIS.DESKTOP.GUI.ADMIN\IURIS.DESKTOP.GUI.ADMIN.csproj", "{2C7B28DF-CE7D-465C-806D-06E9F0356BC4}"
EndProject
Project("{9A19103F-16F7-4668-BE54-9A1E7A4F7556}") = "IURIS.COMMON", "IURIS.COMMON\IURIS.COMMON.csproj", "{F13A22DC-B7F4-4107-97BF-5C22C9D025CE}"
EndProject
Project("{2150E333-8FDC-42A3-9474-1A3956D46DE8}") = "AppMovil", "AppMovil", "{A528C44A-6C38-482B-8998-8722AD1E5545}"
EndProject
Project("{2150E333-8FDC-42A3-9474-1A3956D46DE8}") = "CapasBase", "CapasBase", "{5F1E9D4F-B878-4321-9B80-7A8660742E51}"
EndProject
Project("{2150E333-8FDC-42A3-9474-1A3956D46DE8}") = "AppEscritorio", "AppEscritorio", "{BF293D34-87C4-4374-8020-3DCDA3CA7B03}"
EndProject
Project("{FAE04EC0-301F-11D3-BF4B-00C04F79EFBC}") = "IURIS.DAL", "IURIS.DAL\IURIS.DAL.csproj", "{A27B0A81-189C-44FC-BBA0-BAAC44757C56}"
EndProject
Project("{FAE04EC0-301F-11D3-BF4B-00C04F79EFBC}") = "IURIS.BIZ", "IURIS.BIZ\IURIS.BIZ.csproj", "{C02E949E-4F57-4724-A7D9-197787D13F2F}"
EndProject
Global
	GlobalSection(SolutionConfigurationPlatforms) = preSolution
		Ad-Hoc|Any CPU = Ad-Hoc|Any CPU
		Ad-Hoc|iPhone = Ad-Hoc|iPhone
		Ad-Hoc|iPhoneSimulator = Ad-Hoc|iPhoneSimulator
		AppStore|Any CPU = AppStore|Any CPU
		AppStore|iPhone = AppStore|iPhone
		AppStore|iPhoneSimulator = AppStore|iPhoneSimulator
		Debug|Any CPU = Debug|Any CPU
		Debug|iPhone = Debug|iPhone
		Debug|iPhoneSimulator = Debug|iPhoneSimulator
		Release|Any CPU = Release|Any CPU
		Release|iPhone = Release|iPhone
		Release|iPhoneSimulator = Release|iPhoneSimulator
	EndGlobalSection
	GlobalSection(ProjectConfigurationPlatforms) = postSolution
		{0086AE17-DE90-4E0D-9AAF-3A044AD79499}.Ad-Hoc|Any CPU.ActiveCfg = Release|Any CPU
		{0086AE17-DE90-4E0D-9AAF-3A044AD79499}.Ad-Hoc|Any CPU.Build.0 = Release|Any CPU
		{0086AE17-DE90-4E0D-9AAF-3A044AD79499}.Ad-Hoc|Any CPU.Deploy.0 = Release|Any CPU
		{0086AE17-DE90-4E0D-9AAF-3A044AD79499}.Ad-Hoc|iPhone.ActiveCfg = Release|Any CPU
		{0086AE17-DE90-4E0D-9AAF-3A044AD79499}.Ad-Hoc|iPhone.Build.0 = Release|Any CPU
		{0086AE17-DE90-4E0D-9AAF-3A044AD79499}.Ad-Hoc|iPhone.Deploy.0 = Release|Any CPU
		{0086AE17-DE90-4E0D-9AAF-3A044AD79499}.Ad-Hoc|iPhoneSimulator.ActiveCfg = Release|Any CPU
		{0086AE17-DE90-4E0D-9AAF-3A044AD79499}.Ad-Hoc|iPhoneSimulator.Build.0 = Release|Any CPU
		{0086AE17-DE90-4E0D-9AAF-3A044AD79499}.Ad-Hoc|iPhoneSimulator.Deploy.0 = Release|Any CPU
		{0086AE17-DE90-4E0D-9AAF-3A044AD79499}.AppStore|Any CPU.ActiveCfg = Release|Any CPU
		{0086AE17-DE90-4E0D-9AAF-3A044AD79499}.AppStore|Any CPU.Build.0 = Release|Any CPU
		{0086AE17-DE90-4E0D-9AAF-3A044AD79499}.AppStore|Any CPU.Deploy.0 = Release|Any CPU
		{0086AE17-DE90-4E0D-9AAF-3A044AD79499}.AppStore|iPhone.ActiveCfg = Release|Any CPU
		{0086AE17-DE90-4E0D-9AAF-3A044AD79499}.AppStore|iPhone.Build.0 = Release|Any CPU
		{0086AE17-DE90-4E0D-9AAF-3A044AD79499}.AppStore|iPhone.Deploy.0 = Release|Any CPU
		{0086AE17-DE90-4E0D-9AAF-3A044AD79499}.AppStore|iPhoneSimulator.ActiveCfg = Release|Any CPU
		{0086AE17-DE90-4E0D-9AAF-3A044AD79499}.AppStore|iPhoneSimulator.Build.0 = Release|Any CPU
		{0086AE17-DE90-4E0D-9AAF-3A044AD79499}.AppStore|iPhoneSimulator.Deploy.0 = Release|Any CPU
		{0086AE17-DE90-4E0D-9AAF-3A044AD79499}.Debug|Any CPU.ActiveCfg = Debug|Any CPU
		{0086AE17-DE90-4E0D-9AAF-3A044AD79499}.Debug|Any CPU.Build.0 = Debug|Any CPU
		{0086AE17-DE90-4E0D-9AAF-3A044AD79499}.Debug|Any CPU.Deploy.0 = Debug|Any CPU
		{0086AE17-DE90-4E0D-9AAF-3A044AD79499}.Debug|iPhone.ActiveCfg = Debug|Any CPU
		{0086AE17-DE90-4E0D-9AAF-3A044AD79499}.Debug|iPhone.Build.0 = Debug|Any CPU
		{0086AE17-DE90-4E0D-9AAF-3A044AD79499}.Debug|iPhone.Deploy.0 = Debug|Any CPU
		{0086AE17-DE90-4E0D-9AAF-3A044AD79499}.Debug|iPhoneSimulator.ActiveCfg = Debug|Any CPU
		{0086AE17-DE90-4E0D-9AAF-3A044AD79499}.Debug|iPhoneSimulator.Build.0 = Debug|Any CPU
		{0086AE17-DE90-4E0D-9AAF-3A044AD79499}.Debug|iPhoneSimulator.Deploy.0 = Debug|Any CPU
		{0086AE17-DE90-4E0D-9AAF-3A044AD79499}.Release|Any CPU.ActiveCfg = Release|Any CPU
		{0086AE17-DE90-4E0D-9AAF-3A044AD79499}.Release|Any CPU.Build.0 = Release|Any CPU
		{0086AE17-DE90-4E0D-9AAF-3A044AD79499}.Release|Any CPU.Deploy.0 = Release|Any CPU
		{0086AE17-DE90-4E0D-9AAF-3A044AD79499}.Release|iPhone.ActiveCfg = Release|Any CPU
		{0086AE17-DE90-4E0D-9AAF-3A044AD79499}.Release|iPhone.Build.0 = Release|Any CPU
		{0086AE17-DE90-4E0D-9AAF-3A044AD79499}.Release|iPhone.Deploy.0 = Release|Any CPU
		{0086AE17-DE90-4E0D-9AAF-3A044AD79499}.Release|iPhoneSimulator.ActiveCfg = Release|Any CPU
		{0086AE17-DE90-4E0D-9AAF-3A044AD79499}.Release|iPhoneSimulator.Build.0 = Release|Any CPU
		{0086AE17-DE90-4E0D-9AAF-3A044AD79499}.Release|iPhoneSimulator.Deploy.0 = Release|Any CPU
		{C5A2A8AD-9125-4F48-977C-7C1B716F3DF9}.Ad-Hoc|Any CPU.ActiveCfg = Ad-Hoc|iPhone
		{C5A2A8AD-9125-4F48-977C-7C1B716F3DF9}.Ad-Hoc|iPhone.ActiveCfg = Ad-Hoc|iPhone
		{C5A2A8AD-9125-4F48-977C-7C1B716F3DF9}.Ad-Hoc|iPhone.Build.0 = Ad-Hoc|iPhone
		{C5A2A8AD-9125-4F48-977C-7C1B716F3DF9}.Ad-Hoc|iPhoneSimulator.ActiveCfg = Ad-Hoc|iPhoneSimulator
		{C5A2A8AD-9125-4F48-977C-7C1B716F3DF9}.Ad-Hoc|iPhoneSimulator.Build.0 = Ad-Hoc|iPhoneSimulator
		{C5A2A8AD-9125-4F48-977C-7C1B716F3DF9}.AppStore|Any CPU.ActiveCfg = AppStore|iPhone
		{C5A2A8AD-9125-4F48-977C-7C1B716F3DF9}.AppStore|iPhone.ActiveCfg = AppStore|iPhone
		{C5A2A8AD-9125-4F48-977C-7C1B716F3DF9}.AppStore|iPhone.Build.0 = AppStore|iPhone
		{C5A2A8AD-9125-4F48-977C-7C1B716F3DF9}.AppStore|iPhoneSimulator.ActiveCfg = AppStore|iPhoneSimulator
		{C5A2A8AD-9125-4F48-977C-7C1B716F3DF9}.AppStore|iPhoneSimulator.Build.0 = AppStore|iPhoneSimulator
		{C5A2A8AD-9125-4F48-977C-7C1B716F3DF9}.Debug|Any CPU.ActiveCfg = Debug|iPhone
		{C5A2A8AD-9125-4F48-977C-7C1B716F3DF9}.Debug|iPhone.ActiveCfg = Debug|iPhone
		{C5A2A8AD-9125-4F48-977C-7C1B716F3DF9}.Debug|iPhone.Build.0 = Debug|iPhone
		{C5A2A8AD-9125-4F48-977C-7C1B716F3DF9}.Debug|iPhoneSimulator.ActiveCfg = Debug|iPhoneSimulator
		{C5A2A8AD-9125-4F48-977C-7C1B716F3DF9}.Debug|iPhoneSimulator.Build.0 = Debug|iPhoneSimulator
		{C5A2A8AD-9125-4F48-977C-7C1B716F3DF9}.Release|Any CPU.ActiveCfg = Release|iPhone
		{C5A2A8AD-9125-4F48-977C-7C1B716F3DF9}.Release|iPhone.ActiveCfg = Release|iPhone
		{C5A2A8AD-9125-4F48-977C-7C1B716F3DF9}.Release|iPhone.Build.0 = Release|iPhone
		{C5A2A8AD-9125-4F48-977C-7C1B716F3DF9}.Release|iPhoneSimulator.ActiveCfg = Release|iPhoneSimulator
		{C5A2A8AD-9125-4F48-977C-7C1B716F3DF9}.Release|iPhoneSimulator.Build.0 = Release|iPhoneSimulator
		{167E9B92-CE90-4707-9F3C-D2D17E33E210}.Ad-Hoc|Any CPU.ActiveCfg = Debug|Any CPU
		{167E9B92-CE90-4707-9F3C-D2D17E33E210}.Ad-Hoc|Any CPU.Build.0 = Debug|Any CPU
		{167E9B92-CE90-4707-9F3C-D2D17E33E210}.Ad-Hoc|iPhone.ActiveCfg = Debug|Any CPU
		{167E9B92-CE90-4707-9F3C-D2D17E33E210}.Ad-Hoc|iPhone.Build.0 = Debug|Any CPU
		{167E9B92-CE90-4707-9F3C-D2D17E33E210}.Ad-Hoc|iPhoneSimulator.ActiveCfg = Debug|Any CPU
		{167E9B92-CE90-4707-9F3C-D2D17E33E210}.Ad-Hoc|iPhoneSimulator.Build.0 = Debug|Any CPU
		{167E9B92-CE90-4707-9F3C-D2D17E33E210}.AppStore|Any CPU.ActiveCfg = Debug|Any CPU
		{167E9B92-CE90-4707-9F3C-D2D17E33E210}.AppStore|Any CPU.Build.0 = Debug|Any CPU
		{167E9B92-CE90-4707-9F3C-D2D17E33E210}.AppStore|iPhone.ActiveCfg = Debug|Any CPU
		{167E9B92-CE90-4707-9F3C-D2D17E33E210}.AppStore|iPhone.Build.0 = Debug|Any CPU
		{167E9B92-CE90-4707-9F3C-D2D17E33E210}.AppStore|iPhoneSimulator.ActiveCfg = Debug|Any CPU
		{167E9B92-CE90-4707-9F3C-D2D17E33E210}.AppStore|iPhoneSimulator.Build.0 = Debug|Any CPU
		{167E9B92-CE90-4707-9F3C-D2D17E33E210}.Debug|Any CPU.ActiveCfg = Debug|Any CPU
		{167E9B92-CE90-4707-9F3C-D2D17E33E210}.Debug|Any CPU.Build.0 = Debug|Any CPU
		{167E9B92-CE90-4707-9F3C-D2D17E33E210}.Debug|iPhone.ActiveCfg = Debug|Any CPU
		{167E9B92-CE90-4707-9F3C-D2D17E33E210}.Debug|iPhone.Build.0 = Debug|Any CPU
		{167E9B92-CE90-4707-9F3C-D2D17E33E210}.Debug|iPhoneSimulator.ActiveCfg = Debug|Any CPU
		{167E9B92-CE90-4707-9F3C-D2D17E33E210}.Debug|iPhoneSimulator.Build.0 = Debug|Any CPU
		{167E9B92-CE90-4707-9F3C-D2D17E33E210}.Release|Any CPU.ActiveCfg = Release|Any CPU
		{167E9B92-CE90-4707-9F3C-D2D17E33E210}.Release|Any CPU.Build.0 = Release|Any CPU
		{167E9B92-CE90-4707-9F3C-D2D17E33E210}.Release|iPhone.ActiveCfg = Release|Any CPU
		{167E9B92-CE90-4707-9F3C-D2D17E33E210}.Release|iPhone.Build.0 = Release|Any CPU
		{167E9B92-CE90-4707-9F3C-D2D17E33E210}.Release|iPhoneSimulator.ActiveCfg = Release|Any CPU
		{167E9B92-CE90-4707-9F3C-D2D17E33E210}.Release|iPhoneSimulator.Build.0 = Release|Any CPU
		{2C7B28DF-CE7D-465C-806D-06E9F0356BC4}.Ad-Hoc|Any CPU.ActiveCfg = Release|Any CPU
		{2C7B28DF-CE7D-465C-806D-06E9F0356BC4}.Ad-Hoc|Any CPU.Build.0 = Release|Any CPU
		{2C7B28DF-CE7D-465C-806D-06E9F0356BC4}.Ad-Hoc|iPhone.ActiveCfg = Release|Any CPU
		{2C7B28DF-CE7D-465C-806D-06E9F0356BC4}.Ad-Hoc|iPhone.Build.0 = Release|Any CPU
		{2C7B28DF-CE7D-465C-806D-06E9F0356BC4}.Ad-Hoc|iPhoneSimulator.ActiveCfg = Release|Any CPU
		{2C7B28DF-CE7D-465C-806D-06E9F0356BC4}.Ad-Hoc|iPhoneSimulator.Build.0 = Release|Any CPU
		{2C7B28DF-CE7D-465C-806D-06E9F0356BC4}.AppStore|Any CPU.ActiveCfg = Release|Any CPU
		{2C7B28DF-CE7D-465C-806D-06E9F0356BC4}.AppStore|Any CPU.Build.0 = Release|Any CPU
		{2C7B28DF-CE7D-465C-806D-06E9F0356BC4}.AppStore|iPhone.ActiveCfg = Release|Any CPU
		{2C7B28DF-CE7D-465C-806D-06E9F0356BC4}.AppStore|iPhone.Build.0 = Release|Any CPU
		{2C7B28DF-CE7D-465C-806D-06E9F0356BC4}.AppStore|iPhoneSimulator.ActiveCfg = Release|Any CPU
		{2C7B28DF-CE7D-465C-806D-06E9F0356BC4}.AppStore|iPhoneSimulator.Build.0 = Release|Any CPU
		{2C7B28DF-CE7D-465C-806D-06E9F0356BC4}.Debug|Any CPU.ActiveCfg = Debug|Any CPU
		{2C7B28DF-CE7D-465C-806D-06E9F0356BC4}.Debug|Any CPU.Build.0 = Debug|Any CPU
		{2C7B28DF-CE7D-465C-806D-06E9F0356BC4}.Debug|iPhone.ActiveCfg = Debug|Any CPU
		{2C7B28DF-CE7D-465C-806D-06E9F0356BC4}.Debug|iPhone.Build.0 = Debug|Any CPU
		{2C7B28DF-CE7D-465C-806D-06E9F0356BC4}.Debug|iPhoneSimulator.ActiveCfg = Debug|Any CPU
		{2C7B28DF-CE7D-465C-806D-06E9F0356BC4}.Debug|iPhoneSimulator.Build.0 = Debug|Any CPU
		{2C7B28DF-CE7D-465C-806D-06E9F0356BC4}.Release|Any CPU.ActiveCfg = Release|Any CPU
		{2C7B28DF-CE7D-465C-806D-06E9F0356BC4}.Release|Any CPU.Build.0 = Release|Any CPU
		{2C7B28DF-CE7D-465C-806D-06E9F0356BC4}.Release|iPhone.ActiveCfg = Release|Any CPU
		{2C7B28DF-CE7D-465C-806D-06E9F0356BC4}.Release|iPhone.Build.0 = Release|Any CPU
		{2C7B28DF-CE7D-465C-806D-06E9F0356BC4}.Release|iPhoneSimulator.ActiveCfg = Release|Any CPU
		{2C7B28DF-CE7D-465C-806D-06E9F0356BC4}.Release|iPhoneSimulator.Build.0 = Release|Any CPU
		{F13A22DC-B7F4-4107-97BF-5C22C9D025CE}.Ad-Hoc|Any CPU.ActiveCfg = Debug|Any CPU
		{F13A22DC-B7F4-4107-97BF-5C22C9D025CE}.Ad-Hoc|Any CPU.Build.0 = Debug|Any CPU
		{F13A22DC-B7F4-4107-97BF-5C22C9D025CE}.Ad-Hoc|iPhone.ActiveCfg = Debug|Any CPU
		{F13A22DC-B7F4-4107-97BF-5C22C9D025CE}.Ad-Hoc|iPhone.Build.0 = Debug|Any CPU
		{F13A22DC-B7F4-4107-97BF-5C22C9D025CE}.Ad-Hoc|iPhoneSimulator.ActiveCfg = Debug|Any CPU
		{F13A22DC-B7F4-4107-97BF-5C22C9D025CE}.Ad-Hoc|iPhoneSimulator.Build.0 = Debug|Any CPU
		{F13A22DC-B7F4-4107-97BF-5C22C9D025CE}.AppStore|Any CPU.ActiveCfg = Debug|Any CPU
		{F13A22DC-B7F4-4107-97BF-5C22C9D025CE}.AppStore|Any CPU.Build.0 = Debug|Any CPU
		{F13A22DC-B7F4-4107-97BF-5C22C9D025CE}.AppStore|iPhone.ActiveCfg = Debug|Any CPU
		{F13A22DC-B7F4-4107-97BF-5C22C9D025CE}.AppStore|iPhone.Build.0 = Debug|Any CPU
		{F13A22DC-B7F4-4107-97BF-5C22C9D025CE}.AppStore|iPhoneSimulator.ActiveCfg = Debug|Any CPU
		{F13A22DC-B7F4-4107-97BF-5C22C9D025CE}.AppStore|iPhoneSimulator.Build.0 = Debug|Any CPU
		{F13A22DC-B7F4-4107-97BF-5C22C9D025CE}.Debug|Any CPU.ActiveCfg = Debug|Any CPU
		{F13A22DC-B7F4-4107-97BF-5C22C9D025CE}.Debug|Any CPU.Build.0 = Debug|Any CPU
		{F13A22DC-B7F4-4107-97BF-5C22C9D025CE}.Debug|iPhone.ActiveCfg = Debug|Any CPU
		{F13A22DC-B7F4-4107-97BF-5C22C9D025CE}.Debug|iPhone.Build.0 = Debug|Any CPU
		{F13A22DC-B7F4-4107-97BF-5C22C9D025CE}.Debug|iPhoneSimulator.ActiveCfg = Debug|Any CPU
		{F13A22DC-B7F4-4107-97BF-5C22C9D025CE}.Debug|iPhoneSimulator.Build.0 = Debug|Any CPU
		{F13A22DC-B7F4-4107-97BF-5C22C9D025CE}.Release|Any CPU.ActiveCfg = Release|Any CPU
		{F13A22DC-B7F4-4107-97BF-5C22C9D025CE}.Release|Any CPU.Build.0 = Release|Any CPU
		{F13A22DC-B7F4-4107-97BF-5C22C9D025CE}.Release|iPhone.ActiveCfg = Release|Any CPU
		{F13A22DC-B7F4-4107-97BF-5C22C9D025CE}.Release|iPhone.Build.0 = Release|Any CPU
		{F13A22DC-B7F4-4107-97BF-5C22C9D025CE}.Release|iPhoneSimulator.ActiveCfg = Release|Any CPU
		{F13A22DC-B7F4-4107-97BF-5C22C9D025CE}.Release|iPhoneSimulator.Build.0 = Release|Any CPU
		{A27B0A81-189C-44FC-BBA0-BAAC44757C56}.Ad-Hoc|Any CPU.ActiveCfg = Debug|Any CPU
		{A27B0A81-189C-44FC-BBA0-BAAC44757C56}.Ad-Hoc|Any CPU.Build.0 = Debug|Any CPU
		{A27B0A81-189C-44FC-BBA0-BAAC44757C56}.Ad-Hoc|iPhone.ActiveCfg = Debug|Any CPU
		{A27B0A81-189C-44FC-BBA0-BAAC44757C56}.Ad-Hoc|iPhone.Build.0 = Debug|Any CPU
		{A27B0A81-189C-44FC-BBA0-BAAC44757C56}.Ad-Hoc|iPhoneSimulator.ActiveCfg = Debug|Any CPU
		{A27B0A81-189C-44FC-BBA0-BAAC44757C56}.Ad-Hoc|iPhoneSimulator.Build.0 = Debug|Any CPU
		{A27B0A81-189C-44FC-BBA0-BAAC44757C56}.AppStore|Any CPU.ActiveCfg = Debug|Any CPU
		{A27B0A81-189C-44FC-BBA0-BAAC44757C56}.AppStore|Any CPU.Build.0 = Debug|Any CPU
		{A27B0A81-189C-44FC-BBA0-BAAC44757C56}.AppStore|iPhone.ActiveCfg = Debug|Any CPU
		{A27B0A81-189C-44FC-BBA0-BAAC44757C56}.AppStore|iPhone.Build.0 = Debug|Any CPU
		{A27B0A81-189C-44FC-BBA0-BAAC44757C56}.AppStore|iPhoneSimulator.ActiveCfg = Debug|Any CPU
		{A27B0A81-189C-44FC-BBA0-BAAC44757C56}.AppStore|iPhoneSimulator.Build.0 = Debug|Any CPU
		{A27B0A81-189C-44FC-BBA0-BAAC44757C56}.Debug|Any CPU.ActiveCfg = Debug|Any CPU
		{A27B0A81-189C-44FC-BBA0-BAAC44757C56}.Debug|Any CPU.Build.0 = Debug|Any CPU
		{A27B0A81-189C-44FC-BBA0-BAAC44757C56}.Debug|iPhone.ActiveCfg = Debug|Any CPU
		{A27B0A81-189C-44FC-BBA0-BAAC44757C56}.Debug|iPhone.Build.0 = Debug|Any CPU
		{A27B0A81-189C-44FC-BBA0-BAAC44757C56}.Debug|iPhoneSimulator.ActiveCfg = Debug|Any CPU
		{A27B0A81-189C-44FC-BBA0-BAAC44757C56}.Debug|iPhoneSimulator.Build.0 = Debug|Any CPU
		{A27B0A81-189C-44FC-BBA0-BAAC44757C56}.Release|Any CPU.ActiveCfg = Release|Any CPU
		{A27B0A81-189C-44FC-BBA0-BAAC44757C56}.Release|Any CPU.Build.0 = Release|Any CPU
		{A27B0A81-189C-44FC-BBA0-BAAC44757C56}.Release|iPhone.ActiveCfg = Release|Any CPU
		{A27B0A81-189C-44FC-BBA0-BAAC44757C56}.Release|iPhone.Build.0 = Release|Any CPU
		{A27B0A81-189C-44FC-BBA0-BAAC44757C56}.Release|iPhoneSimulator.ActiveCfg = Release|Any CPU
		{A27B0A81-189C-44FC-BBA0-BAAC44757C56}.Release|iPhoneSimulator.Build.0 = Release|Any CPU
		{C02E949E-4F57-4724-A7D9-197787D13F2F}.Ad-Hoc|Any CPU.ActiveCfg = Debug|Any CPU
		{C02E949E-4F57-4724-A7D9-197787D13F2F}.Ad-Hoc|Any CPU.Build.0 = Debug|Any CPU
		{C02E949E-4F57-4724-A7D9-197787D13F2F}.Ad-Hoc|iPhone.ActiveCfg = Debug|Any CPU
		{C02E949E-4F57-4724-A7D9-197787D13F2F}.Ad-Hoc|iPhone.Build.0 = Debug|Any CPU
		{C02E949E-4F57-4724-A7D9-197787D13F2F}.Ad-Hoc|iPhoneSimulator.ActiveCfg = Debug|Any CPU
		{C02E949E-4F57-4724-A7D9-197787D13F2F}.Ad-Hoc|iPhoneSimulator.Build.0 = Debug|Any CPU
		{C02E949E-4F57-4724-A7D9-197787D13F2F}.AppStore|Any CPU.ActiveCfg = Debug|Any CPU
		{C02E949E-4F57-4724-A7D9-197787D13F2F}.AppStore|Any CPU.Build.0 = Debug|Any CPU
		{C02E949E-4F57-4724-A7D9-197787D13F2F}.AppStore|iPhone.ActiveCfg = Debug|Any CPU
		{C02E949E-4F57-4724-A7D9-197787D13F2F}.AppStore|iPhone.Build.0 = Debug|Any CPU
		{C02E949E-4F57-4724-A7D9-197787D13F2F}.AppStore|iPhoneSimulator.ActiveCfg = Debug|Any CPU
		{C02E949E-4F57-4724-A7D9-197787D13F2F}.AppStore|iPhoneSimulator.Build.0 = Debug|Any CPU
		{C02E949E-4F57-4724-A7D9-197787D13F2F}.Debug|Any CPU.ActiveCfg = Debug|Any CPU
		{C02E949E-4F57-4724-A7D9-197787D13F2F}.Debug|Any CPU.Build.0 = Debug|Any CPU
		{C02E949E-4F57-4724-A7D9-197787D13F2F}.Debug|iPhone.ActiveCfg = Debug|Any CPU
		{C02E949E-4F57-4724-A7D9-197787D13F2F}.Debug|iPhone.Build.0 = Debug|Any CPU
		{C02E949E-4F57-4724-A7D9-197787D13F2F}.Debug|iPhoneSimulator.ActiveCfg = Debug|Any CPU
		{C02E949E-4F57-4724-A7D9-197787D13F2F}.Debug|iPhoneSimulator.Build.0 = Debug|Any CPU
		{C02E949E-4F57-4724-A7D9-197787D13F2F}.Release|Any CPU.ActiveCfg = Release|Any CPU
		{C02E949E-4F57-4724-A7D9-197787D13F2F}.Release|Any CPU.Build.0 = Release|Any CPU
		{C02E949E-4F57-4724-A7D9-197787D13F2F}.Release|iPhone.ActiveCfg = Release|Any CPU
		{C02E949E-4F57-4724-A7D9-197787D13F2F}.Release|iPhone.Build.0 = Release|Any CPU
		{C02E949E-4F57-4724-A7D9-197787D13F2F}.Release|iPhoneSimulator.ActiveCfg = Release|Any CPU
		{C02E949E-4F57-4724-A7D9-197787D13F2F}.Release|iPhoneSimulator.Build.0 = Release|Any CPU
	EndGlobalSection
	GlobalSection(SolutionProperties) = preSolution
		HideSolutionNode = FALSE
	EndGlobalSection
	GlobalSection(NestedProjects) = preSolution
		{0086AE17-DE90-4E0D-9AAF-3A044AD79499} = {A528C44A-6C38-482B-8998-8722AD1E5545}
		{C5A2A8AD-9125-4F48-977C-7C1B716F3DF9} = {A528C44A-6C38-482B-8998-8722AD1E5545}
		{167E9B92-CE90-4707-9F3C-D2D17E33E210} = {A528C44A-6C38-482B-8998-8722AD1E5545}
		{2C7B28DF-CE7D-465C-806D-06E9F0356BC4} = {BF293D34-87C4-4374-8020-3DCDA3CA7B03}
		{F13A22DC-B7F4-4107-97BF-5C22C9D025CE} = {5F1E9D4F-B878-4321-9B80-7A8660742E51}
		{A27B0A81-189C-44FC-BBA0-BAAC44757C56} = {5F1E9D4F-B878-4321-9B80-7A8660742E51}
		{C02E949E-4F57-4724-A7D9-197787D13F2F} = {5F1E9D4F-B878-4321-9B80-7A8660742E51}
	EndGlobalSection
	GlobalSection(ExtensibilityGlobals) = postSolution
		SolutionGuid = {9AF3472D-8C3D-4CCA-981B-519C5F679AF5}
	EndGlobalSection
EndGlobal
